
Microsoft Visual Studio Solution File, Format Version 12.00
# Visual Studio 15
Project("{FAE04EC0-301F-11D3-BF4B-00C04F79EFBC}") = "Assembly-CSharp", "Assembly-CSharp.csproj", "{FBDA693B-99D0-537C-359D-09A7DD718C72}"
EndProject
Project("{FAE04EC0-301F-11D3-BF4B-00C04F79EFBC}") = "Assembly-CSharp-firstpass", "Assembly-CSharp-firstpass.csproj", "{5E306317-71D6-1008-9540-33D397874819}"
EndProject
Project("{FAE04EC0-301F-11D3-BF4B-00C04F79EFBC}") = "Assembly-CSharp-Editor", "Assembly-CSharp-Editor.csproj", "{B800CB4D-121B-FE9A-FC4C-46EBB4555958}"
EndProject
Project("{FAE04EC0-301F-11D3-BF4B-00C04F79EFBC}") = "Assembly-CSharp-Editor-firstpass", "Assembly-CSharp-Editor-firstpass.csproj", "{722B4211-49C8-AB68-8297-021CB51D84F4}"
EndProject
Global
	GlobalSection(SolutionConfigurationPlatforms) = preSolution
		Debug|Any CPU = Debug|Any CPU
		Release|Any CPU = Release|Any CPU
	EndGlobalSection
	GlobalSection(ProjectConfigurationPlatforms) = postSolution
		{FBDA693B-99D0-537C-359D-09A7DD718C72}.Debug|Any CPU.ActiveCfg = Debug|Any CPU
		{FBDA693B-99D0-537C-359D-09A7DD718C72}.Debug|Any CPU.Build.0 = Debug|Any CPU
		{FBDA693B-99D0-537C-359D-09A7DD718C72}.Release|Any CPU.ActiveCfg = Release|Any CPU
		{FBDA693B-99D0-537C-359D-09A7DD718C72}.Release|Any CPU.Build.0 = Release|Any CPU
		{5E306317-71D6-1008-9540-33D397874819}.Debug|Any CPU.ActiveCfg = Debug|Any CPU
		{5E306317-71D6-1008-9540-33D397874819}.Debug|Any CPU.Build.0 = Debug|Any CPU
		{5E306317-71D6-1008-9540-33D397874819}.Release|Any CPU.ActiveCfg = Release|Any CPU
		{5E306317-71D6-1008-9540-33D397874819}.Release|Any CPU.Build.0 = Release|Any CPU
		{B800CB4D-121B-FE9A-FC4C-46EBB4555958}.Debug|Any CPU.ActiveCfg = Debug|Any CPU
		{B800CB4D-121B-FE9A-FC4C-46EBB4555958}.Debug|Any CPU.Build.0 = Debug|Any CPU
		{B800CB4D-121B-FE9A-FC4C-46EBB4555958}.Release|Any CPU.ActiveCfg = Release|Any CPU
		{B800CB4D-121B-FE9A-FC4C-46EBB4555958}.Release|Any CPU.Build.0 = Release|Any CPU
		{722B4211-49C8-AB68-8297-021CB51D84F4}.Debug|Any CPU.ActiveCfg = Debug|Any CPU
		{722B4211-49C8-AB68-8297-021CB51D84F4}.Debug|Any CPU.Build.0 = Debug|Any CPU
		{722B4211-49C8-AB68-8297-021CB51D84F4}.Release|Any CPU.ActiveCfg = Release|Any CPU
		{722B4211-49C8-AB68-8297-021CB51D84F4}.Release|Any CPU.Build.0 = Release|Any CPU
	EndGlobalSection
	GlobalSection(SolutionProperties) = preSolution
		HideSolutionNode = FALSE
	EndGlobalSection
	GlobalSection(MonoDevelopProperties) = preSolution
		StartupItem = Assembly-CSharp.csproj
	EndGlobalSection
EndGlobal
